
Microsoft Visual Studio Solution File, Format Version 12.00
# Visual Studio 15
VisualStudioVersion = 15.0.28010.2026
MinimumVisualStudioVersion = 10.0.40219.1
Project("{8BC9CEB8-8B4A-11D0-8D11-00A0C91BC942}") = "AttentionTest", "AttentionTest\AttentionTest.vcxproj", "{2F889029-4CE9-4FB4-A5FD-981AE05E6BD5}"
EndProject
Project("{54435603-DBB4-11D2-8724-00A0C9A8B90C}") = "AttTestSetup", "AttTestSetup\AttTestSetup.vdproj", "{D47FFDC5-8EA9-41E6-97C5-A37FFDD3FAD6}"
EndProject
Global
	GlobalSection(SolutionConfigurationPlatforms) = preSolution
		Debug|x64 = Debug|x64
		Debug|x86 = Debug|x86
		Release|x64 = Release|x64
		Release|x86 = Release|x86
	EndGlobalSection
	GlobalSection(ProjectConfigurationPlatforms) = postSolution
		{2F889029-4CE9-4FB4-A5FD-981AE05E6BD5}.Debug|x64.ActiveCfg = Debug|x64
		{2F889029-4CE9-4FB4-A5FD-981AE05E6BD5}.Debug|x64.Build.0 = Debug|x64
		{2F889029-4CE9-4FB4-A5FD-981AE05E6BD5}.Debug|x86.ActiveCfg = Debug|Win32
		{2F889029-4CE9-4FB4-A5FD-981AE05E6BD5}.Debug|x86.Build.0 = Debug|Win32
		{2F889029-4CE9-4FB4-A5FD-981AE05E6BD5}.Release|x64.ActiveCfg = Release|x64
		{2F889029-4CE9-4FB4-A5FD-981AE05E6BD5}.Release|x64.Build.0 = Release|x64
		{2F889029-4CE9-4FB4-A5FD-981AE05E6BD5}.Release|x86.ActiveCfg = Release|Win32
		{2F889029-4CE9-4FB4-A5FD-981AE05E6BD5}.Release|x86.Build.0 = Release|Win32
		{D47FFDC5-8EA9-41E6-97C5-A37FFDD3FAD6}.Debug|x64.ActiveCfg = Debug
		{D47FFDC5-8EA9-41E6-97C5-A37FFDD3FAD6}.Debug|x86.ActiveCfg = Debug
		{D47FFDC5-8EA9-41E6-97C5-A37FFDD3FAD6}.Release|x64.ActiveCfg = Release
		{D47FFDC5-8EA9-41E6-97C5-A37FFDD3FAD6}.Release|x86.ActiveCfg = Release
	EndGlobalSection
	GlobalSection(SolutionProperties) = preSolution
		HideSolutionNode = FALSE
	EndGlobalSection
	GlobalSection(ExtensibilityGlobals) = postSolution
		SolutionGuid = {BA36B888-AB76-439D-AC74-C2714EC2ADFE}
	EndGlobalSection
EndGlobal
